
Microsoft Visual Studio Solution File, Format Version 12.00
# Visual Studio 2013
VisualStudioVersion = 12.0.21005.1
Project("{FAE04EC0-301F-11D3-BF4B-00C04F79EFBC}") = "ComSvcConfig", "ndp\cdf\src\WCF\Tools\comsvcutil\ComSvcConfig.csproj", "{76c80462-4a37-41f4-a6e6-eca2b3da08cf}"
EndProject
Project("{FAE04EC0-301F-11D3-BF4B-00C04F79EFBC}") = "mscorlib", "ndp\clr\src\bcl\mscorlib.csproj", "{1a036d4f-3229-4c80-81c6-05cdf14a2647}"
EndProject
Project("{FAE04EC0-301F-11D3-BF4B-00C04F79EFBC}") = "PresentationBuildTasks", "wpf\src\PresentationBuildTasks.csproj", "{900a559b-8c26-4122-b3d3-c56934160a85}"
EndProject
Project("{FAE04EC0-301F-11D3-BF4B-00C04F79EFBC}") = "PresentationCore", "wpf\src\PresentationCore.csproj", "{bf0457ce-e41a-431b-9c2f-215dc2a7804d}"
EndProject
Project("{FAE04EC0-301F-11D3-BF4B-00C04F79EFBC}") = "PresentationFramework", "wpf\PresentationFramework.csproj", "{e465f6c5-e91b-4532-8e5e-c2a552c49a5a}"
EndProject
Project("{FAE04EC0-301F-11D3-BF4B-00C04F79EFBC}") = "PresentationFramework.Aero", "wpf\src\Themes\Aero\PresentationFramework.Aero.csproj", "{2281aeaa-38ae-4925-941c-c8c03dec69c6}"
EndProject
Project("{FAE04EC0-301F-11D3-BF4B-00C04F79EFBC}") = "PresentationFramework.Classic", "wpf\src\Themes\Classic\PresentationFramework.Classic.csproj", "{e3c4e359-4d28-404b-9f0d-4ab4524598ad}"
EndProject
Project("{FAE04EC0-301F-11D3-BF4B-00C04F79EFBC}") = "PresentationFramework.Luna", "wpf\src\Themes\Luna\PresentationFramework.Luna.csproj", "{6099c339-1da0-4982-8786-1624799bcc99}"
EndProject
Project("{FAE04EC0-301F-11D3-BF4B-00C04F79EFBC}") = "PresentationFramework.Royale", "wpf\src\Themes\Royale\PresentationFramework.Royale.csproj", "{4aa20a52-6112-42ec-9453-a43d86704cef}"
EndProject
Project("{FAE04EC0-301F-11D3-BF4B-00C04F79EFBC}") = "SMDiagnostics", "ndp\cdf\src\WCF\SMDiagnostics\SMDiagnostics.csproj", "{c3020ad2-a9e9-4ad3-9ccd-b01c1d65a93e}"
EndProject
Project("{FAE04EC0-301F-11D3-BF4B-00C04F79EFBC}") = "SMSvcHost", "ndp\cdf\src\WCF\SMSvcHost\SMSvcHost.csproj", "{92892867-1469-4db5-a24d-d6307cdc533d}"
EndProject
Project("{FAE04EC0-301F-11D3-BF4B-00C04F79EFBC}") = "svcutil", "ndp\cdf\src\WCF\Tools\svcutil\svcutil.csproj", "{94ad3b7c-b674-4832-82d8-01889c52cd15}"
EndProject
Project("{FAE04EC0-301F-11D3-BF4B-00C04F79EFBC}") = "System", "ndp\fx\src\System.csproj", "{6be2c2bf-f37e-4bb5-a1c5-e1ba53d34890}"
EndProject
Project("{FAE04EC0-301F-11D3-BF4B-00C04F79EFBC}") = "System.Activities", "ndp\cdf\src\NetFx40\System.Activities\System.Activities.csproj", "{a685c03d-58c1-491d-b31f-e8d8c190cd78}"
EndProject
Project("{FAE04EC0-301F-11D3-BF4B-00C04F79EFBC}") = "System.Activities.Core.Presentation", "ndp\cdf\src\NetFx40\Tools\System.Activities.Core.Presentation\System.Activities.Core.Presentation.csproj", "{3aff7eb0-7c08-4859-9d57-5e0551b4f9e5}"
EndProject
Project("{FAE04EC0-301F-11D3-BF4B-00C04F79EFBC}") = "System.Activities.DurableInstancing", "ndp\cdf\src\NetFx40\System.Activities.DurableInstancing\System.Activities.DurableInstancing.csproj", "{cde2b54d-dc3a-46a0-9a7b-4ff1890e7a42}"
EndProject
Project("{FAE04EC0-301F-11D3-BF4B-00C04F79EFBC}") = "System.Activities.Presentation", "ndp\cdf\src\NetFx40\Tools\System.Activities.Presentation.csproj", "{bb2c9b4a-9f1c-482a-84e2-2c9f82aacd1c}"
EndProject
Project("{FAE04EC0-301F-11D3-BF4B-00C04F79EFBC}") = "System.AddIn", "ndp\fx\src\AddIn\AddIn\System.AddIn.csproj", "{0d7200e1-439a-4948-a65c-6bc016c7bfe2}"
EndProject
Project("{FAE04EC0-301F-11D3-BF4B-00C04F79EFBC}") = "System.AddIn.Contract", "ndp\fx\src\AddIn\Contract\System.AddIn.Contract.csproj", "{fc3de5c9-0ef2-443d-b906-607098cfe435}"
EndProject
Project("{FAE04EC0-301F-11D3-BF4B-00C04F79EFBC}") = "System.ComponentModel.DataAnnotations", "ndp\fx\src\xsp\system\DataAnnotations\System.ComponentModel.DataAnnotations.csproj", "{bd93a91c-3f09-40bb-8eb8-e513952351ba}"
EndProject
Project("{FAE04EC0-301F-11D3-BF4B-00C04F79EFBC}") = "System.Configuration", "ndp\fx\src\Configuration\System.Configuration.csproj", "{1801028f-0281-49e9-bfa0-23adadea513a}"
EndProject
Project("{FAE04EC0-301F-11D3-BF4B-00C04F79EFBC}") = "System.Core", "ndp\fx\src\Core\System.Core.csproj", "{b705b6d3-a3c3-4a60-9f80-ce016632947e}"
EndProject
Project("{FAE04EC0-301F-11D3-BF4B-00C04F79EFBC}") = "System.Data", "ndp\fx\src\data\System.Data.csproj", "{33646388-02f5-45f6-a2e4-248b48f2e3ce}"
EndProject
Project("{FAE04EC0-301F-11D3-BF4B-00C04F79EFBC}") = "System.Data.DataSetExtensions", "ndp\fx\src\DataSet\System.Data.DataSetExtensions.csproj", "{7b9e8e5d-9d32-4ff5-8a90-9087ef7cd0e1}"
EndProject
Project("{FAE04EC0-301F-11D3-BF4B-00C04F79EFBC}") = "System.Data.Entity", "ndp\fx\src\DataEntity\System.Data.Entity.csproj", "{f0ab56b1-c863-49e7-a850-389b87901d7a}"
EndProject
Project("{FAE04EC0-301F-11D3-BF4B-00C04F79EFBC}") = "System.Data.Entity.Design", "ndp\fx\src\DataEntityDesign\Design\System.Data.Entity.Design.csproj", "{a31ff61c-22bf-4772-a2cb-0d418f00b679}"
EndProject
Project("{FAE04EC0-301F-11D3-BF4B-00C04F79EFBC}") = "System.Data.Linq", "ndp\fx\src\DLinq\Dlinq\System.Data.Linq.csproj", "{1c2d40c0-e771-4ebc-906b-2580e8bad69c}"
EndProject
Project("{FAE04EC0-301F-11D3-BF4B-00C04F79EFBC}") = "System.Data.Services", "ndp\fx\src\DataWeb\Server\System.Data.Services.csproj", "{90ef72f3-12d0-4b58-98d2-5e0c7b84b001}"
EndProject
Project("{FAE04EC0-301F-11D3-BF4B-00C04F79EFBC}") = "System.Data.Services.Client", "ndp\fx\src\DataWeb\Client\System.Data.Services.Client.csproj", "{c36484cb-80aa-48a6-bb93-cfc07ae40513}"
EndProject
Project("{FAE04EC0-301F-11D3-BF4B-00C04F79EFBC}") = "System.Data.Services.Design", "ndp\fx\src\DataWeb\Design\System.Data.Services.Design.csproj", "{a731d8a2-b9b3-451c-9ef9-5e48ce2b6daf}"
EndProject
Project("{FAE04EC0-301F-11D3-BF4B-00C04F79EFBC}") = "System.Data.SqlXml", "ndp\fx\src\XmlUtils\System.Data.SqlXml.csproj", "{7436a7de-bbf7-4837-8835-e86407c4a23a}"
EndProject
Project("{FAE04EC0-301F-11D3-BF4B-00C04F79EFBC}") = "System.Drawing", "ndp\fx\src\System.Drawing.csproj", "{015048ec-7a87-485a-89ec-826f3932c41c}"
EndProject
Project("{FAE04EC0-301F-11D3-BF4B-00C04F79EFBC}") = "System.IdentityModel", "ndp\cdf\src\WCF\IdentityModel\System.IdentityModel.csproj", "{da75332a-2b7c-4d3a-9688-b7a60ea198fc}"
EndProject
Project("{FAE04EC0-301F-11D3-BF4B-00C04F79EFBC}") = "System.IdentityModel.Selectors", "ndp\cdf\src\WCF\System.IdentityModel.Selectors.csproj", "{6a3c28b8-0b36-4641-8cab-012618f64204}"
EndProject
Project("{FAE04EC0-301F-11D3-BF4B-00C04F79EFBC}") = "System.IO.Compression.FileSystem", "ndp\fx\src\System.IO.Compression.FileSystem.csproj", "{b64aae43-e820-47f7-ac2b-a9f7b30e28ab}"
EndProject
Project("{FAE04EC0-301F-11D3-BF4B-00C04F79EFBC}") = "System.IO.Log", "ndp\cdf\src\NetFx35\System.IO.Log\System.IO.Log.csproj", "{93f0e170-1240-47c1-806c-97a65b958676}"
EndProject
Project("{FAE04EC0-301F-11D3-BF4B-00C04F79EFBC}") = "System.Management", "ndp\fx\src\wmi\managed\System\Management\System.Management.csproj", "{bbac230a-8434-4d49-8bb4-0c7ea3d0e8c2}"
EndProject
Project("{FAE04EC0-301F-11D3-BF4B-00C04F79EFBC}") = "System.Messaging", "ndp\cdf\src\NetFx20\System.Messaging\System.Messaging.csproj", "{4a5f492a-f573-4e08-98be-79a1c6eb2a87}"
EndProject
Project("{FAE04EC0-301F-11D3-BF4B-00C04F79EFBC}") = "System.Net", "ndp\fx\src\SystemNet\System.Net.csproj", "{6abfe85b-ef61-462c-b274-026009c3656c}"
EndProject
Project("{FAE04EC0-301F-11D3-BF4B-00C04F79EFBC}") = "System.Numerics", "ndp\fx\src\Numerics\System.Numerics.csproj", "{34e146ef-d38e-414a-a79e-d7296350b167}"
EndProject
Project("{FAE04EC0-301F-11D3-BF4B-00C04F79EFBC}") = "System.Runtime.Caching", "ndp\fx\src\Caching\System.Runtime.Caching.csproj", "{cb29514b-450a-48ed-9743-e5214eaf2cfa}"
EndProject
Project("{FAE04EC0-301F-11D3-BF4B-00C04F79EFBC}") = "System.Runtime.DurableInstancing", "ndp\cdf\src\NetFx40\System.Runtime.DurableInstancing\System.Runtime.DurableInstancing.csproj", "{ff6dc093-57c6-4eb2-bc24-d5ae3be7099e}"
EndProject
Project("{FAE04EC0-301F-11D3-BF4B-00C04F79EFBC}") = "System.Runtime.Remoting", "ndp\clr\src\managedlibraries\remoting\System.Runtime.Remoting.csproj", "{b92dbc42-43c2-48a3-b5f8-c7d91b2c2944}"
EndProject
Project("{FAE04EC0-301F-11D3-BF4B-00C04F79EFBC}") = "System.Runtime.Serialization", "ndp\cdf\src\WCF\Serialization\System.Runtime.Serialization.csproj", "{5ec15c4e-5d05-40d8-a05c-118212010aa6}"
EndProject
Project("{FAE04EC0-301F-11D3-BF4B-00C04F79EFBC}") = "System.Security", "ndp\clr\src\managedlibraries\security\System.Security.csproj", "{f9899a8a-7dc8-495a-b9e6-b6b0ca22d981}"
EndProject
Project("{FAE04EC0-301F-11D3-BF4B-00C04F79EFBC}") = "System.ServiceModel", "ndp\cdf\src\WCF\ServiceModel\System.ServiceModel.csproj", "{f4a8ae76-fa39-4979-884b-c4d6a36bb4e7}"
EndProject
Project("{FAE04EC0-301F-11D3-BF4B-00C04F79EFBC}") = "System.ServiceModel.Activation", "ndp\cdf\src\WCF\System.ServiceModel.Activation\System.ServiceModel.Activation.csproj", "{a8bb481d-6dd0-42ef-b2bb-a230a7ad9473}"
EndProject
Project("{FAE04EC0-301F-11D3-BF4B-00C04F79EFBC}") = "System.ServiceModel.Activities", "ndp\cdf\src\NetFx40\System.ServiceModel.Activities\System.ServiceModel.Activities.csproj", "{e9bf7036-426d-4693-ba47-7bde72aa1683}"
EndProject
Project("{FAE04EC0-301F-11D3-BF4B-00C04F79EFBC}") = "System.ServiceModel.Channels", "ndp\cdf\src\NetFx40\System.ServiceModel.Channels\System.ServiceModel.Channels.csproj", "{49712c2e-96e2-45f5-ae77-01b815020af1}"
EndProject
Project("{FAE04EC0-301F-11D3-BF4B-00C04F79EFBC}") = "System.ServiceModel.Discovery", "ndp\cdf\src\NetFx40\System.ServiceModel.Discovery\System.ServiceModel.Discovery.csproj", "{dc573d0c-c024-41af-8bb4-3eee4636e61f}"
EndProject
Project("{FAE04EC0-301F-11D3-BF4B-00C04F79EFBC}") = "System.ServiceModel.Internals", "ndp\cdf\src\System.ServiceModel.Internals\System.ServiceModel.Internals.csproj", "{d237e2ae-d3c0-457f-9f18-72bd3b38a5b4}"
EndProject
Project("{FAE04EC0-301F-11D3-BF4B-00C04F79EFBC}") = "System.ServiceModel.Routing", "ndp\cdf\src\NetFx40\System.ServiceModel.Routing\System.ServiceModel.Routing.csproj", "{f211fd04-ae3b-4687-9d5a-e17ac9af3170}"
EndProject
Project("{FAE04EC0-301F-11D3-BF4B-00C04F79EFBC}") = "System.ServiceModel.WasHosting", "ndp\cdf\src\WCF\WasHosting\System.ServiceModel.WasHosting.csproj", "{172dd0e2-ced9-4c07-a7fb-62e8903f377f}"
EndProject
Project("{FAE04EC0-301F-11D3-BF4B-00C04F79EFBC}") = "System.ServiceModel.Web", "ndp\cdf\src\NetFx35\System.ServiceModel.Web\System.ServiceModel.Web.csproj", "{7abea95a-8692-4ab5-8885-0b6466770262}"
EndProject
Project("{FAE04EC0-301F-11D3-BF4B-00C04F79EFBC}") = "System.Transactions", "ndp\cdf\src\NetFx20\System.Transactions\System.Transactions.csproj", "{15974a40-e858-4238-8115-adf131e083f6}"
EndProject
Project("{FAE04EC0-301F-11D3-BF4B-00C04F79EFBC}") = "System.Web", "ndp\fx\src\xsp\system\Web\System.Web.csproj", "{377077e8-f44d-429c-8f36-01ed6bf5b881}"
EndProject
Project("{FAE04EC0-301F-11D3-BF4B-00C04F79EFBC}") = "System.Web.ApplicationServices", "ndp\fx\src\xsp\system\ApplicationServices\System.Web.ApplicationServices.csproj", "{31efa2d4-6603-42ec-b543-d016e1742293}"
EndProject
Project("{FAE04EC0-301F-11D3-BF4B-00C04F79EFBC}") = "System.Web.DataVisualization", "ndp\fx\src\DataVisualization\System.Web.DataVisualization.csproj", "{21d5b320-895f-45f3-b37d-da0fbea6d6c9}"
EndProject
Project("{FAE04EC0-301F-11D3-BF4B-00C04F79EFBC}") = "System.Web.DynamicData", "ndp\fx\src\xsp\system\DynamicData\System.Web.DynamicData.csproj", "{2a8af918-abbd-4947-b6da-c4466270b770}"
EndProject
Project("{FAE04EC0-301F-11D3-BF4B-00C04F79EFBC}") = "System.Web.Entity", "ndp\fx\src\DataWebControls\System.Web.Entity.csproj", "{f4b3ca16-b230-4b06-87db-4ed08f97bc5e}"
EndProject
Project("{FAE04EC0-301F-11D3-BF4B-00C04F79EFBC}") = "System.Web.Entity.Design", "ndp\fx\src\DataWebControlsDesign\System.Web.Entity.Design.csproj", "{290d5129-f2f3-45f1-bc30-36b60171dc38}"
EndProject
Project("{FAE04EC0-301F-11D3-BF4B-00C04F79EFBC}") = "System.Web.Extensions", "ndp\fx\src\xsp\system\Extensions\System.Web.Extensions.csproj", "{cf567f4c-13a9-49ba-82c6-de408a2cd6d8}"
EndProject
Project("{FAE04EC0-301F-11D3-BF4B-00C04F79EFBC}") = "System.Web.Mobile", "ndp\fx\src\mit\System\Web\System.Web.Mobile.csproj", "{b356d5d7-85da-44da-a293-8ee89958bed5}"
EndProject
Project("{FAE04EC0-301F-11D3-BF4B-00C04F79EFBC}") = "System.Web.Services", "ndp\cdf\src\NetFx20\System.Web.Services\System.Web.Services.csproj", "{0483320a-4595-4bf1-ab7c-3e0a91fa1d6f}"
EndProject
Project("{FAE04EC0-301F-11D3-BF4B-00C04F79EFBC}") = "System.Windows.Forms", "ndp\fx\src\System.Windows.Forms.csproj", "{0a828d14-5718-4990-8c24-937bf9509e3f}"
EndProject
Project("{FAE04EC0-301F-11D3-BF4B-00C04F79EFBC}") = "System.Windows.Forms.DataVisualization", "ndp\fx\src\DataVisualization\System.Windows.Forms.DataVisualization.csproj", "{1f7ef3e0-1db3-43f2-81e9-a254802ac685}"
EndProject
Project("{FAE04EC0-301F-11D3-BF4B-00C04F79EFBC}") = "System.Workflow.Activities", "ndp\cdf\src\WF\Activities\System.Workflow.Activities.csproj", "{4ce35122-fdd8-4c9a-bd74-275e144e5afc}"
EndProject
Project("{FAE04EC0-301F-11D3-BF4B-00C04F79EFBC}") = "System.Workflow.ComponentModel", "ndp\cdf\src\WF\Common\System.Workflow.ComponentModel.csproj", "{24c045ae-7e2c-4c3a-b63f-06b9a6c2f336}"
EndProject
Project("{FAE04EC0-301F-11D3-BF4B-00C04F79EFBC}") = "System.Workflow.Runtime", "ndp\cdf\src\WF\RunTime\System.Workflow.Runtime.csproj", "{69029a39-2987-4d83-b60f-a763f8457bd0}"
EndProject
Project("{FAE04EC0-301F-11D3-BF4B-00C04F79EFBC}") = "System.WorkflowServices", "ndp\cdf\src\NetFx35\System.WorkflowServices\System.WorkflowServices.csproj", "{b56692d4-bc22-414d-abdd-1db4be6aba4f}"
EndProject
Project("{FAE04EC0-301F-11D3-BF4B-00C04F79EFBC}") = "System.Xaml.Hosting", "ndp\cdf\src\NetFx40\System.Xaml.Hosting\System.Xaml.Hosting.csproj", "{6815416f-0c50-499a-bf9f-71b3f14c2cbb}"
EndProject
Project("{FAE04EC0-301F-11D3-BF4B-00C04F79EFBC}") = "System.Xml", "ndp\fx\src\Xml\System.Xml.csproj", "{185b3b11-76cb-4590-b798-d4ce9b10e555}"
EndProject
Project("{FAE04EC0-301F-11D3-BF4B-00C04F79EFBC}") = "System.Xml.Linq", "ndp\fx\src\XLinq\System.Xml.Linq.csproj", "{c2e157b9-b4b1-4679-bedf-0d4a0f910ab9}"
EndProject
Project("{FAE04EC0-301F-11D3-BF4B-00C04F79EFBC}") = "UIAutomationClient", "wpf\src\UIAutomation\UIAutomationClient\UIAutomationClient.csproj", "{ccf2b84f-18b8-4ac0-90ee-be2575085c4d}"
EndProject
Project("{FAE04EC0-301F-11D3-BF4B-00C04F79EFBC}") = "UIAutomationClientsideProviders", "wpf\src\UIAutomation\Win32Providers\UIAutomationClientsideProviders.csproj", "{5a3cc437-9cae-4ad4-9a0e-bf1a0c97969e}"
EndProject
Project("{FAE04EC0-301F-11D3-BF4B-00C04F79EFBC}") = "WindowsBase", "wpf\src\WindowsBase.csproj", "{c3a0fc98-9b5b-43a5-a552-8a1693415682}"
EndProject
Project("{FAE04EC0-301F-11D3-BF4B-00C04F79EFBC}") = "WsatConfig", "ndp\cdf\src\WCF\Tools\WsatConfig\WsatConfig.csproj", "{08e686f4-1dbf-4980-bf03-29cd680d4187}"
EndProject
Project("{FAE04EC0-301F-11D3-BF4B-00C04F79EFBC}") = "WsatUI", "ndp\cdf\src\WCF\Tools\WsatConfig\WsatUI.csproj", "{118845d5-0d60-485c-942e-8e907bdad49c}"
EndProject
Project("{FAE04EC0-301F-11D3-BF4B-00C04F79EFBC}") = "XamlBuildTask", "ndp\cdf\src\NetFx40\XamlBuildTask\XamlBuildTask.csproj", "{b0c451cd-b349-4817-b26c-9499ad8bf186}"
EndProject
Global
    GlobalSection(SolutionConfigurationPlatforms) = preSolution
    EndGlobalSection
    GlobalSection(ProjectConfigurationPlatforms) = postSolution
    EndGlobalSection
    GlobalSection(SolutionProperties) = preSolution
        HideSolutionNode = FALSE
    EndGlobalSection
EndGlobal

